{
  "version": 4,
  "terraform_version": "0.15.4",
  "serial": 562,
  "lineage": "7245cbed-a522-4217-d223-b379d9b574e1",
  "outputs": {
    "ebs_instance_id": {
      "value": "i-016ebd41e85fc3170",
      "type": "string"
    },
    "ebs_volume_id": {
      "value": "vol-0e03301c60405836a",
      "type": "string"
    },
    "ec2_key_name": {
      "value": "main_test_key_pair",
      "type": "string"
    },
    "ec2_network_interface_id": {
      "value": "eni-088d4a24a14a4d33a",
      "type": "string"
    },
    "internet_gateway_id": {
      "value": "igw-0b6abae278953d978",
      "type": "string"
    },
    "s3": {
      "value": "main-test-s3-bucket-for-test-projects-64296",
      "type": "string"
    },
    "s3_access_role_id": {
      "value": "s3_access_role",
      "type": "string"
    },
    "s3_access_role_name": {
      "value": "s3_access_role",
      "type": "string"
    },
    "vpc_cidr_block": {
      "value": "172.16.0.0/22",
      "type": "string"
    },
    "vpc_main_route_table_id": {
      "value": "rtb-033f86a2a186aeab0",
      "type": "string"
    },
    "vpc_security_group_id": {
      "value": "sg-0104d059f1a3d971f",
      "type": "string"
    },
    "vpc_subnet_id": {
      "value": "subnet-0837c2ff627ec285c",
      "type": "string"
    },
    "vpcid": {
      "value": "vpc-05b843ec03ea498ff",
      "type": "string"
    }
  },
  "resources": [
    {
      "mode": "data",
      "type": "aws_availability_zones",
      "name": "zones",
      "provider": "provider[\"registry.terraform.io/hashicorp/aws\"]",
      "instances": [
        {
          "schema_version": 0,
          "attributes": {
            "all_availability_zones": null,
            "exclude_names": null,
            "exclude_zone_ids": null,
            "filter": null,
            "group_names": [
              "us-east-1"
            ],
            "id": "us-east-1",
            "names": [
              "us-east-1a",
              "us-east-1b",
              "us-east-1c",
              "us-east-1d",
              "us-east-1e",
              "us-east-1f"
            ],
            "state": null,
            "zone_ids": [
              "use1-az1",
              "use1-az2",
              "use1-az4",
              "use1-az6",
              "use1-az3",
              "use1-az5"
            ]
          },
          "sensitive_attributes": []
        }
      ]
    },
    {
      "module": "module.aws_ebs_volume",
      "mode": "managed",
      "type": "aws_ebs_volume",
      "name": "main_test_ebs_volume",
      "provider": "provider[\"registry.terraform.io/hashicorp/aws\"]",
      "instances": [
        {
          "schema_version": 0,
          "attributes": {
            "arn": "arn:aws:ec2:us-east-1:832468941035:volume/vol-0e03301c60405836a",
            "availability_zone": "us-east-1a",
            "encrypted": false,
            "id": "vol-0e03301c60405836a",
            "iops": 100,
            "kms_key_id": "",
            "multi_attach_enabled": false,
            "outpost_arn": "",
            "size": 1,
            "snapshot_id": "",
            "tags": {
              "Name": "main_test"
            },
            "throughput": 0,
            "type": "gp2"
          },
          "sensitive_attributes": [],
          "private": "bnVsbA==",
          "dependencies": [
            "data.aws_availability_zones.zones"
          ]
        }
      ]
    },
    {
      "module": "module.aws_ebs_volume_masters",
      "mode": "managed",
      "type": "aws_ebs_volume",
      "name": "main_test_ebs_volume_masters",
      "provider": "provider[\"registry.terraform.io/hashicorp/aws\"]",
      "instances": [
        {
          "index_key": 0,
          "schema_version": 0,
          "attributes": {
            "arn": "arn:aws:ec2:us-east-1:832468941035:volume/vol-0b1abd30193a810f2",
            "availability_zone": "us-east-1a",
            "encrypted": false,
            "id": "vol-0b1abd30193a810f2",
            "iops": 100,
            "kms_key_id": "",
            "multi_attach_enabled": false,
            "outpost_arn": "",
            "size": 1,
            "snapshot_id": "",
            "tags": {
              "Name": "main_test_master-1"
            },
            "throughput": 0,
            "type": "gp2"
          },
          "sensitive_attributes": [],
          "private": "bnVsbA==",
          "dependencies": [
            "data.aws_availability_zones.zones"
          ]
        }
      ]
    },
    {
      "module": "module.aws_ebs_volume_slaves",
      "mode": "managed",
      "type": "aws_ebs_volume",
      "name": "main_test_ebs_volume_slaves",
      "provider": "provider[\"registry.terraform.io/hashicorp/aws\"]",
      "instances": [
        {
          "index_key": 0,
          "schema_version": 0,
          "attributes": {
            "arn": "arn:aws:ec2:us-east-1:832468941035:volume/vol-0bc3d6faec4c4ffb2",
            "availability_zone": "us-east-1a",
            "encrypted": false,
            "id": "vol-0bc3d6faec4c4ffb2",
            "iops": 100,
            "kms_key_id": "",
            "multi_attach_enabled": false,
            "outpost_arn": "",
            "size": 1,
            "snapshot_id": "",
            "tags": {
              "Name": "main_test_slave-1"
            },
            "throughput": 0,
            "type": "gp2"
          },
          "sensitive_attributes": [],
          "private": "bnVsbA==",
          "dependencies": [
            "data.aws_availability_zones.zones"
          ]
        }
      ]
    },
    {
      "module": "module.aws_iam_instance_profile",
      "mode": "managed",
      "type": "aws_iam_instance_profile",
      "name": "s3_access_profile",
      "provider": "provider[\"registry.terraform.io/hashicorp/aws\"]",
      "instances": [
        {
          "schema_version": 0,
          "attributes": {
            "arn": "arn:aws:iam::832468941035:instance-profile/s3_access_profile",
            "create_date": "2021-10-25T14:39:52Z",
            "id": "s3_access_profile",
            "name": "s3_access_profile",
            "name_prefix": null,
            "path": "/",
            "role": "s3_access_role",
            "tags": {},
            "unique_id": "AIPA4DUYD7DV2VAITOEKQ"
          },
          "sensitive_attributes": [],
          "private": "bnVsbA==",
          "dependencies": [
            "module.aws_iam_role.aws_iam_role.s3_access_role"
          ]
        }
      ]
    },
    {
      "module": "module.aws_iam_role",
      "mode": "managed",
      "type": "aws_iam_role",
      "name": "s3_access_role",
      "provider": "provider[\"registry.terraform.io/hashicorp/aws\"]",
      "instances": [
        {
          "schema_version": 0,
          "attributes": {
            "arn": "arn:aws:iam::832468941035:role/s3_access_role",
            "assume_role_policy": "{\"Version\":\"2012-10-17\",\"Statement\":[{\"Sid\":\"\",\"Effect\":\"Allow\",\"Principal\":{\"Service\":\"ec2.amazonaws.com\"},\"Action\":\"sts:AssumeRole\"}]}",
            "create_date": "2021-10-25T14:39:50Z",
            "description": "",
            "force_detach_policies": false,
            "id": "s3_access_role",
            "inline_policy": [
              {
                "name": "s3_access_policy",
                "policy": "{\r\n \"Version\": \"2012-10-17\",\r\n \"Statement\": [\r\n   {\r\n     \"Effect\": \"Allow\",\r\n     \"Action\": [\r\n          \"s3:*\"\r\n        ],\r\n     \"Resource\":  \"*\"\r\n   }\r\n ]\r\n}\r\n"
              }
            ],
            "managed_policy_arns": [],
            "max_session_duration": 3600,
            "name": "s3_access_role",
            "name_prefix": null,
            "path": "/",
            "permissions_boundary": null,
            "tags": {},
            "unique_id": "AROA4DUYD7DVTBXM6H4HS"
          },
          "sensitive_attributes": [],
          "private": "bnVsbA=="
        }
      ]
    },
    {
      "module": "module.aws_iam_role_policy",
      "mode": "managed",
      "type": "aws_iam_role_policy",
      "name": "s3_access_policy",
      "provider": "provider[\"registry.terraform.io/hashicorp/aws\"]",
      "instances": [
        {
          "schema_version": 0,
          "attributes": {
            "id": "s3_access_role:s3_access_policy",
            "name": "s3_access_policy",
            "name_prefix": null,
            "policy": "{\r\n \"Version\": \"2012-10-17\",\r\n \"Statement\": [\r\n   {\r\n     \"Effect\": \"Allow\",\r\n     \"Action\": [\r\n          \"s3:*\"\r\n        ],\r\n     \"Resource\":  \"*\"\r\n   }\r\n ]\r\n}\r\n",
            "role": "s3_access_role"
          },
          "sensitive_attributes": [],
          "private": "bnVsbA==",
          "dependencies": [
            "module.aws_iam_role.aws_iam_role.s3_access_role"
          ]
        }
      ]
    },
    {
      "module": "module.aws_instance",
      "mode": "managed",
      "type": "aws_instance",
      "name": "main_test_ec2",
      "provider": "provider[\"registry.terraform.io/hashicorp/aws\"]",
      "instances": [
        {
          "schema_version": 1,
          "attributes": {
            "ami": "ami-02e136e904f3da870",
            "arn": "arn:aws:ec2:us-east-1:832468941035:instance/i-016ebd41e85fc3170",
            "associate_public_ip_address": true,
            "availability_zone": "us-east-1a",
            "cpu_core_count": 1,
            "cpu_threads_per_core": 1,
            "credit_specification": [
              {
                "cpu_credits": "standard"
              }
            ],
            "disable_api_termination": false,
            "ebs_block_device": [],
            "ebs_optimized": false,
            "enclave_options": [
              {
                "enabled": false
              }
            ],
            "ephemeral_block_device": [],
            "get_password_data": false,
            "hibernation": false,
            "host_id": null,
            "iam_instance_profile": "",
            "id": "i-016ebd41e85fc3170",
            "instance_initiated_shutdown_behavior": null,
            "instance_state": "running",
            "instance_type": "t2.micro",
            "ipv6_address_count": 0,
            "ipv6_addresses": [],
            "key_name": "main_test_key_pair",
            "metadata_options": [
              {
                "http_endpoint": "enabled",
                "http_put_response_hop_limit": 1,
                "http_tokens": "optional"
              }
            ],
            "monitoring": false,
            "network_interface": [
              {
                "delete_on_termination": false,
                "device_index": 0,
                "network_interface_id": "eni-088d4a24a14a4d33a"
              }
            ],
            "outpost_arn": "",
            "password_data": "",
            "placement_group": "",
            "primary_network_interface_id": "eni-088d4a24a14a4d33a",
            "private_dns": "ip-172-16-0-251.ec2.internal",
            "private_ip": "172.16.0.251",
            "public_dns": "ec2-54-236-60-197.compute-1.amazonaws.com",
            "public_ip": "54.236.60.197",
            "root_block_device": [
              {
                "delete_on_termination": true,
                "device_name": "/dev/xvda",
                "encrypted": false,
                "iops": 100,
                "kms_key_id": "",
                "tags": null,
                "throughput": 0,
                "volume_id": "vol-0af8ee48d54e9195f",
                "volume_size": 8,
                "volume_type": "gp2"
              }
            ],
            "secondary_private_ips": [],
            "security_groups": [],
            "source_dest_check": true,
            "subnet_id": "subnet-0837c2ff627ec285c",
            "tags": {
              "Name": "main_test"
            },
            "tenancy": "default",
            "timeouts": null,
            "user_data": null,
            "user_data_base64": null,
            "volume_tags": null,
            "vpc_security_group_ids": [
              "sg-0104d059f1a3d971f"
            ]
          },
          "sensitive_attributes": [],
          "private": "eyJlMmJmYjczMC1lY2FhLTExZTYtOGY4OC0zNDM2M2JjN2M0YzAiOnsiY3JlYXRlIjo2MDAwMDAwMDAwMDAsImRlbGV0ZSI6MTIwMDAwMDAwMDAwMCwidXBkYXRlIjo2MDAwMDAwMDAwMDB9LCJzY2hlbWFfdmVyc2lvbiI6IjEifQ==",
          "dependencies": [
            "module.aws_key_pair.aws_key_pair.main_test_key_pair",
            "module.aws_network_interface.aws_network_interface.main_test_network_interface",
            "module.aws_security_group.aws_security_group.main_test_security_group",
            "module.aws_subnet.aws_subnet.main_test_subnet",
            "module.aws_vpc.aws_vpc.main_test_vpc"
          ]
        }
      ]
    },
    {
      "module": "module.aws_instance_openshift_masters",
      "mode": "managed",
      "type": "aws_instance",
      "name": "ec2_openshift_masters",
      "provider": "provider[\"registry.terraform.io/hashicorp/aws\"]",
      "instances": [
        {
          "index_key": 0,
          "schema_version": 1,
          "attributes": {
            "ami": "ami-02e136e904f3da870",
            "arn": "arn:aws:ec2:us-east-1:832468941035:instance/i-0d85392a567212143",
            "associate_public_ip_address": true,
            "availability_zone": "us-east-1a",
            "cpu_core_count": 1,
            "cpu_threads_per_core": 1,
            "credit_specification": [
              {
                "cpu_credits": "standard"
              }
            ],
            "disable_api_termination": false,
            "ebs_block_device": [],
            "ebs_optimized": false,
            "enclave_options": [
              {
                "enabled": false
              }
            ],
            "ephemeral_block_device": [],
            "get_password_data": false,
            "hibernation": false,
            "host_id": null,
            "iam_instance_profile": "",
            "id": "i-0d85392a567212143",
            "instance_initiated_shutdown_behavior": null,
            "instance_state": "running",
            "instance_type": "t2.micro",
            "ipv6_address_count": 0,
            "ipv6_addresses": [],
            "key_name": "main_test_key_pair",
            "metadata_options": [
              {
                "http_endpoint": "enabled",
                "http_put_response_hop_limit": 1,
                "http_tokens": "optional"
              }
            ],
            "monitoring": false,
            "network_interface": [
              {
                "delete_on_termination": false,
                "device_index": 0,
                "network_interface_id": "eni-0b4bc275b39c224b1"
              }
            ],
            "outpost_arn": "",
            "password_data": "",
            "placement_group": "",
            "primary_network_interface_id": "eni-0b4bc275b39c224b1",
            "private_dns": "ip-172-16-0-216.ec2.internal",
            "private_ip": "172.16.0.216",
            "public_dns": "ec2-18-204-44-169.compute-1.amazonaws.com",
            "public_ip": "18.204.44.169",
            "root_block_device": [
              {
                "delete_on_termination": true,
                "device_name": "/dev/xvda",
                "encrypted": false,
                "iops": 100,
                "kms_key_id": "",
                "tags": null,
                "throughput": 0,
                "volume_id": "vol-0b2468ba6fb602aa3",
                "volume_size": 8,
                "volume_type": "gp2"
              }
            ],
            "secondary_private_ips": [],
            "security_groups": [],
            "source_dest_check": true,
            "subnet_id": "subnet-0837c2ff627ec285c",
            "tags": {
              "Name": "main_test_master-1"
            },
            "tenancy": "default",
            "timeouts": null,
            "user_data": null,
            "user_data_base64": null,
            "volume_tags": null,
            "vpc_security_group_ids": [
              "sg-0104d059f1a3d971f"
            ]
          },
          "sensitive_attributes": [],
          "private": "eyJlMmJmYjczMC1lY2FhLTExZTYtOGY4OC0zNDM2M2JjN2M0YzAiOnsiY3JlYXRlIjo2MDAwMDAwMDAwMDAsImRlbGV0ZSI6MTIwMDAwMDAwMDAwMCwidXBkYXRlIjo2MDAwMDAwMDAwMDB9LCJzY2hlbWFfdmVyc2lvbiI6IjEifQ==",
          "dependencies": [
            "module.aws_key_pair.aws_key_pair.main_test_key_pair",
            "module.aws_network_interface_masters.aws_network_interface.main_test_network_interface_for_masters",
            "module.aws_security_group.aws_security_group.main_test_security_group",
            "module.aws_subnet.aws_subnet.main_test_subnet",
            "module.aws_vpc.aws_vpc.main_test_vpc"
          ]
        }
      ]
    },
    {
      "module": "module.aws_instance_openshift_slaves",
      "mode": "managed",
      "type": "aws_instance",
      "name": "ec2_openshift_slaves",
      "provider": "provider[\"registry.terraform.io/hashicorp/aws\"]",
      "instances": [
        {
          "index_key": 0,
          "schema_version": 1,
          "attributes": {
            "ami": "ami-0aeeebd8d2ab47354",
            "arn": "arn:aws:ec2:us-east-1:832468941035:instance/i-0fdc16515e24435f5",
            "associate_public_ip_address": true,
            "availability_zone": "us-east-1a",
            "cpu_core_count": 1,
            "cpu_threads_per_core": 1,
            "credit_specification": [
              {
                "cpu_credits": "standard"
              }
            ],
            "disable_api_termination": false,
            "ebs_block_device": [],
            "ebs_optimized": false,
            "enclave_options": [
              {
                "enabled": false
              }
            ],
            "ephemeral_block_device": [],
            "get_password_data": false,
            "hibernation": false,
            "host_id": null,
            "iam_instance_profile": "",
            "id": "i-0fdc16515e24435f5",
            "instance_initiated_shutdown_behavior": null,
            "instance_state": "running",
            "instance_type": "t2.micro",
            "ipv6_address_count": 0,
            "ipv6_addresses": [],
            "key_name": "main_test_key_pair",
            "metadata_options": [
              {
                "http_endpoint": "enabled",
                "http_put_response_hop_limit": 1,
                "http_tokens": "optional"
              }
            ],
            "monitoring": false,
            "network_interface": [
              {
                "delete_on_termination": false,
                "device_index": 0,
                "network_interface_id": "eni-014ade430c2c7a169"
              }
            ],
            "outpost_arn": "",
            "password_data": "",
            "placement_group": "",
            "primary_network_interface_id": "eni-014ade430c2c7a169",
            "private_dns": "ip-172-16-0-52.ec2.internal",
            "private_ip": "172.16.0.52",
            "public_dns": "ec2-35-173-1-125.compute-1.amazonaws.com",
            "public_ip": "35.173.1.125",
            "root_block_device": [
              {
                "delete_on_termination": true,
                "device_name": "/dev/xvda",
                "encrypted": false,
                "iops": 100,
                "kms_key_id": "",
                "tags": null,
                "throughput": 0,
                "volume_id": "vol-0fed67ab4d371b103",
                "volume_size": 8,
                "volume_type": "gp2"
              }
            ],
            "secondary_private_ips": [],
            "security_groups": [],
            "source_dest_check": true,
            "subnet_id": "subnet-0837c2ff627ec285c",
            "tags": {
              "Name": "main_test_slave-1"
            },
            "tenancy": "default",
            "timeouts": null,
            "user_data": null,
            "user_data_base64": null,
            "volume_tags": null,
            "vpc_security_group_ids": [
              "sg-0104d059f1a3d971f"
            ]
          },
          "sensitive_attributes": [],
          "private": "eyJlMmJmYjczMC1lY2FhLTExZTYtOGY4OC0zNDM2M2JjN2M0YzAiOnsiY3JlYXRlIjo2MDAwMDAwMDAwMDAsImRlbGV0ZSI6MTIwMDAwMDAwMDAwMCwidXBkYXRlIjo2MDAwMDAwMDAwMDB9LCJzY2hlbWFfdmVyc2lvbiI6IjEifQ==",
          "dependencies": [
            "module.aws_key_pair.aws_key_pair.main_test_key_pair",
            "module.aws_network_interface_slaves.aws_network_interface.main_test_network_interface_for_slaves",
            "module.aws_security_group.aws_security_group.main_test_security_group",
            "module.aws_subnet.aws_subnet.main_test_subnet",
            "module.aws_vpc.aws_vpc.main_test_vpc"
          ]
        }
      ]
    },
    {
      "module": "module.aws_internet_gateway",
      "mode": "managed",
      "type": "aws_internet_gateway",
      "name": "main_test_internet_gateway",
      "provider": "provider[\"registry.terraform.io/hashicorp/aws\"]",
      "instances": [
        {
          "schema_version": 0,
          "attributes": {
            "arn": "arn:aws:ec2:us-east-1:832468941035:internet-gateway/igw-0b6abae278953d978",
            "id": "igw-0b6abae278953d978",
            "owner_id": "832468941035",
            "tags": {
              "Name": "main_test"
            },
            "vpc_id": "vpc-05b843ec03ea498ff"
          },
          "sensitive_attributes": [],
          "private": "bnVsbA==",
          "dependencies": [
            "module.aws_vpc.aws_vpc.main_test_vpc"
          ]
        }
      ]
    },
    {
      "module": "module.aws_key_pair",
      "mode": "managed",
      "type": "aws_key_pair",
      "name": "main_test_key_pair",
      "provider": "provider[\"registry.terraform.io/hashicorp/aws\"]",
      "instances": [
        {
          "schema_version": 1,
          "attributes": {
            "arn": "arn:aws:ec2:us-east-1:832468941035:key-pair/main_test_key_pair",
            "fingerprint": "94:59:05:24:e7:36:48:9b:e5:4b:d9:65:90:3b:6d:f8",
            "id": "main_test_key_pair",
            "key_name": "main_test_key_pair",
            "key_name_prefix": null,
            "key_pair_id": "key-0bf90836f34eb5395",
            "public_key": "ssh-rsa AAAAB3NzaC1yc2EAAAADAQABAAABgQDYhcZZZ7I6cY/aGeq29Pe8q4ltt/AF4qL/teC6LvaLPOdUQZlt83IRzcTz16uA8ZxjROBEo9eOwIkekDBM6VwxL6xPPkTIcjZMRw1GU6Y47AqRTC4l/HXUBzSbGDp/ejHx6NeaQeh1aCEclt+yRCkR2Fn4gdOn/TTDZrDMcqTxHrhyiXvUww3+RyL4nvbY4FVHKINaLhjKW+Whp/+2oL7lNsID/hwDvz0Ve8+PlsMKxfnEbiYCnAugOPHS/dztpRuD2NzJifGHpAWAhBiHElEjVrUdkiI/+feSpaZqyN4s6iuIUquUz8XBI6ckJ9N3Qei5ZYBVTRnNke99D5THI1xN8uL2+CfITGQcSoTUnOSLi7ksUKRf6UdLHsX12vUtQHHUP+3L2TqE+YWJNpvWwpxXbp65WF4lX8lhnVxa0jbYq5Cv4w+DmG8dB3/z9c/dUbcjEjzdSoGdbzPTbsqVNW1Xz8VEo6zdQXX3GbXM5n8J3YVdYSXWCzf1y2wR10Ynofs= Ilia_Rakholla@EPRUPETW0597",
            "tags": null
          },
          "sensitive_attributes": [],
          "private": "eyJzY2hlbWFfdmVyc2lvbiI6IjEifQ=="
        }
      ]
    },
    {
      "module": "module.aws_main_route_table_association",
      "mode": "managed",
      "type": "aws_main_route_table_association",
      "name": "main_test_main_route_table_association",
      "provider": "provider[\"registry.terraform.io/hashicorp/aws\"]",
      "instances": [
        {
          "schema_version": 0,
          "attributes": {
            "id": "rtbassoc-0a4279221b335a06e",
            "original_route_table_id": "rtb-0c2af1e30957a49fc",
            "route_table_id": "rtb-033f86a2a186aeab0",
            "vpc_id": "vpc-05b843ec03ea498ff"
          },
          "sensitive_attributes": [],
          "private": "bnVsbA==",
          "dependencies": [
            "module.aws_internet_gateway.aws_internet_gateway.main_test_internet_gateway",
            "module.aws_route_table.aws_route_table.main_test_route_table",
            "module.aws_vpc.aws_vpc.main_test_vpc"
          ]
        }
      ]
    },
    {
      "module": "module.aws_network_interface",
      "mode": "managed",
      "type": "aws_network_interface",
      "name": "main_test_network_interface",
      "provider": "provider[\"registry.terraform.io/hashicorp/aws\"]",
      "instances": [
        {
          "schema_version": 0,
          "attributes": {
            "attachment": [],
            "description": "",
            "id": "eni-088d4a24a14a4d33a",
            "ipv6_address_count": 0,
            "ipv6_addresses": [],
            "mac_address": "02:79:8a:eb:07:37",
            "outpost_arn": "",
            "private_dns_name": "ip-172-16-0-251.ec2.internal",
            "private_ip": "172.16.0.251",
            "private_ips": [
              "172.16.0.251"
            ],
            "private_ips_count": 0,
            "security_groups": [
              "sg-0104d059f1a3d971f"
            ],
            "source_dest_check": true,
            "subnet_id": "subnet-0837c2ff627ec285c",
            "tags": {
              "Name": "main_test"
            }
          },
          "sensitive_attributes": [],
          "private": "bnVsbA==",
          "dependencies": [
            "module.aws_security_group.aws_security_group.main_test_security_group",
            "module.aws_subnet.aws_subnet.main_test_subnet",
            "module.aws_vpc.aws_vpc.main_test_vpc"
          ]
        }
      ]
    },
    {
      "module": "module.aws_network_interface_masters",
      "mode": "managed",
      "type": "aws_network_interface",
      "name": "main_test_network_interface_for_masters",
      "provider": "provider[\"registry.terraform.io/hashicorp/aws\"]",
      "instances": [
        {
          "index_key": 0,
          "schema_version": 0,
          "attributes": {
            "attachment": [],
            "description": "",
            "id": "eni-0b4bc275b39c224b1",
            "ipv6_address_count": 0,
            "ipv6_addresses": [],
            "mac_address": "02:8b:70:e9:d0:83",
            "outpost_arn": "",
            "private_dns_name": "ip-172-16-0-216.ec2.internal",
            "private_ip": "172.16.0.216",
            "private_ips": [
              "172.16.0.216"
            ],
            "private_ips_count": 0,
            "security_groups": [
              "sg-0104d059f1a3d971f"
            ],
            "source_dest_check": true,
            "subnet_id": "subnet-0837c2ff627ec285c",
            "tags": {
              "Name": "main_test_master-1"
            }
          },
          "sensitive_attributes": [],
          "private": "bnVsbA==",
          "dependencies": [
            "module.aws_security_group.aws_security_group.main_test_security_group",
            "module.aws_subnet.aws_subnet.main_test_subnet",
            "module.aws_vpc.aws_vpc.main_test_vpc"
          ]
        }
      ]
    },
    {
      "module": "module.aws_network_interface_slaves",
      "mode": "managed",
      "type": "aws_network_interface",
      "name": "main_test_network_interface_for_slaves",
      "provider": "provider[\"registry.terraform.io/hashicorp/aws\"]",
      "instances": [
        {
          "index_key": 0,
          "schema_version": 0,
          "attributes": {
            "attachment": [],
            "description": "",
            "id": "eni-014ade430c2c7a169",
            "ipv6_address_count": 0,
            "ipv6_addresses": [],
            "mac_address": "02:27:10:d1:57:fd",
            "outpost_arn": "",
            "private_dns_name": "ip-172-16-0-52.ec2.internal",
            "private_ip": "172.16.0.52",
            "private_ips": [
              "172.16.0.52"
            ],
            "private_ips_count": 0,
            "security_groups": [
              "sg-0104d059f1a3d971f"
            ],
            "source_dest_check": true,
            "subnet_id": "subnet-0837c2ff627ec285c",
            "tags": {
              "Name": "main_test_slave-1"
            }
          },
          "sensitive_attributes": [],
          "private": "bnVsbA==",
          "dependencies": [
            "module.aws_security_group.aws_security_group.main_test_security_group",
            "module.aws_subnet.aws_subnet.main_test_subnet",
            "module.aws_vpc.aws_vpc.main_test_vpc"
          ]
        }
      ]
    },
    {
      "module": "module.aws_route_table",
      "mode": "managed",
      "type": "aws_route_table",
      "name": "main_test_route_table",
      "provider": "provider[\"registry.terraform.io/hashicorp/aws\"]",
      "instances": [
        {
          "schema_version": 0,
          "attributes": {
            "arn": "arn:aws:ec2:us-east-1:832468941035:route-table/rtb-033f86a2a186aeab0",
            "id": "rtb-033f86a2a186aeab0",
            "owner_id": "832468941035",
            "propagating_vgws": [],
            "route": [
              {
                "carrier_gateway_id": "",
                "cidr_block": "0.0.0.0/0",
                "destination_prefix_list_id": "",
                "egress_only_gateway_id": "",
                "gateway_id": "igw-0b6abae278953d978",
                "instance_id": "",
                "ipv6_cidr_block": "",
                "local_gateway_id": "",
                "nat_gateway_id": "",
                "network_interface_id": "",
                "transit_gateway_id": "",
                "vpc_endpoint_id": "",
                "vpc_peering_connection_id": ""
              }
            ],
            "tags": {
              "Name": "main_test"
            },
            "vpc_id": "vpc-05b843ec03ea498ff"
          },
          "sensitive_attributes": [],
          "private": "bnVsbA==",
          "dependencies": [
            "module.aws_internet_gateway.aws_internet_gateway.main_test_internet_gateway",
            "module.aws_vpc.aws_vpc.main_test_vpc"
          ]
        }
      ]
    },
    {
      "module": "module.aws_s3_bucket",
      "mode": "managed",
      "type": "aws_s3_bucket",
      "name": "main_test_s3_bucket",
      "provider": "provider[\"registry.terraform.io/hashicorp/aws\"]",
      "instances": [
        {
          "index_key": 0,
          "schema_version": 0,
          "attributes": {
            "acceleration_status": "",
            "acl": "private",
            "arn": "arn:aws:s3:::main-test-s3-bucket-for-test-projects-64296",
            "bucket": "main-test-s3-bucket-for-test-projects-64296",
            "bucket_domain_name": "main-test-s3-bucket-for-test-projects-64296.s3.amazonaws.com",
            "bucket_prefix": null,
            "bucket_regional_domain_name": "main-test-s3-bucket-for-test-projects-64296.s3.amazonaws.com",
            "cors_rule": [],
            "force_destroy": false,
            "grant": [],
            "hosted_zone_id": "Z3AQBSTGFYJSTF",
            "id": "main-test-s3-bucket-for-test-projects-64296",
            "lifecycle_rule": [],
            "logging": [],
            "object_lock_configuration": [],
            "policy": null,
            "region": "us-east-1",
            "replication_configuration": [],
            "request_payer": "BucketOwner",
            "server_side_encryption_configuration": [],
            "tags": {
              "Name": "main_test-1"
            },
            "versioning": [
              {
                "enabled": false,
                "mfa_delete": false
              }
            ],
            "website": [],
            "website_domain": null,
            "website_endpoint": null
          },
          "sensitive_attributes": [],
          "private": "bnVsbA==",
          "dependencies": [
            "module.random_id.random_id.main_random_id"
          ]
        }
      ]
    },
    {
      "module": "module.aws_security_group",
      "mode": "managed",
      "type": "aws_security_group",
      "name": "main_test_security_group",
      "provider": "provider[\"registry.terraform.io/hashicorp/aws\"]",
      "instances": [
        {
          "schema_version": 1,
          "attributes": {
            "arn": "arn:aws:ec2:us-east-1:832468941035:security-group/sg-0104d059f1a3d971f",
            "description": "Managed by Terraform",
            "egress": [
              {
                "cidr_blocks": [
                  "0.0.0.0/0"
                ],
                "description": "",
                "from_port": 0,
                "ipv6_cidr_blocks": [],
                "prefix_list_ids": [],
                "protocol": "-1",
                "security_groups": [],
                "self": false,
                "to_port": 0
              }
            ],
            "id": "sg-0104d059f1a3d971f",
            "ingress": [
              {
                "cidr_blocks": [
                  "0.0.0.0/0"
                ],
                "description": "",
                "from_port": 22,
                "ipv6_cidr_blocks": [],
                "prefix_list_ids": [],
                "protocol": "tcp",
                "security_groups": [],
                "self": false,
                "to_port": 22
              }
            ],
            "name": "allow_ssh",
            "name_prefix": "",
            "owner_id": "832468941035",
            "revoke_rules_on_delete": false,
            "tags": {
              "Name": "main_test"
            },
            "timeouts": null,
            "vpc_id": "vpc-05b843ec03ea498ff"
          },
          "sensitive_attributes": [],
          "private": "eyJlMmJmYjczMC1lY2FhLTExZTYtOGY4OC0zNDM2M2JjN2M0YzAiOnsiY3JlYXRlIjo2MDAwMDAwMDAwMDAsImRlbGV0ZSI6OTAwMDAwMDAwMDAwfSwic2NoZW1hX3ZlcnNpb24iOiIxIn0=",
          "dependencies": [
            "module.aws_vpc.aws_vpc.main_test_vpc"
          ]
        }
      ]
    },
    {
      "module": "module.aws_subnet",
      "mode": "managed",
      "type": "aws_subnet",
      "name": "main_test_subnet",
      "provider": "provider[\"registry.terraform.io/hashicorp/aws\"]",
      "instances": [
        {
          "schema_version": 1,
          "attributes": {
            "arn": "arn:aws:ec2:us-east-1:832468941035:subnet/subnet-0837c2ff627ec285c",
            "assign_ipv6_address_on_creation": false,
            "availability_zone": "us-east-1a",
            "availability_zone_id": "use1-az1",
            "cidr_block": "172.16.0.0/24",
            "customer_owned_ipv4_pool": "",
            "id": "subnet-0837c2ff627ec285c",
            "ipv6_cidr_block": "",
            "ipv6_cidr_block_association_id": "",
            "map_customer_owned_ip_on_launch": false,
            "map_public_ip_on_launch": true,
            "outpost_arn": "",
            "owner_id": "832468941035",
            "tags": {
              "Name": "main_test"
            },
            "tags_all": {
              "Name": "main_test"
            },
            "timeouts": null,
            "vpc_id": "vpc-05b843ec03ea498ff"
          },
          "sensitive_attributes": [],
          "private": "eyJlMmJmYjczMC1lY2FhLTExZTYtOGY4OC0zNDM2M2JjN2M0YzAiOnsiY3JlYXRlIjo2MDAwMDAwMDAwMDAsImRlbGV0ZSI6MTIwMDAwMDAwMDAwMH0sInNjaGVtYV92ZXJzaW9uIjoiMSJ9",
          "dependencies": [
            "data.aws_availability_zones.zones",
            "module.aws_vpc.aws_vpc.main_test_vpc"
          ]
        }
      ]
    },
    {
      "module": "module.aws_volume_attachment",
      "mode": "managed",
      "type": "aws_volume_attachment",
      "name": "main_ebs_att",
      "provider": "provider[\"registry.terraform.io/hashicorp/aws\"]",
      "instances": [
        {
          "schema_version": 0,
          "attributes": {
            "device_name": "/dev/sdh",
            "force_detach": null,
            "id": "vai-341323748",
            "instance_id": "i-016ebd41e85fc3170",
            "skip_destroy": null,
            "volume_id": "vol-0e03301c60405836a"
          },
          "sensitive_attributes": [],
          "private": "bnVsbA==",
          "dependencies": [
            "data.aws_availability_zones.zones",
            "module.aws_ebs_volume.aws_ebs_volume.main_test_ebs_volume",
            "module.aws_instance.aws_instance.main_test_ec2",
            "module.aws_key_pair.aws_key_pair.main_test_key_pair",
            "module.aws_network_interface.aws_network_interface.main_test_network_interface",
            "module.aws_security_group.aws_security_group.main_test_security_group",
            "module.aws_subnet.aws_subnet.main_test_subnet",
            "module.aws_vpc.aws_vpc.main_test_vpc"
          ]
        }
      ]
    },
    {
      "module": "module.aws_volume_attachment_masters",
      "mode": "managed",
      "type": "aws_volume_attachment",
      "name": "main_ebs_att_masters",
      "provider": "provider[\"registry.terraform.io/hashicorp/aws\"]",
      "instances": [
        {
          "index_key": 0,
          "schema_version": 0,
          "attributes": {
            "device_name": "/dev/sdh",
            "force_detach": null,
            "id": "vai-806708153",
            "instance_id": "i-0d85392a567212143",
            "skip_destroy": null,
            "volume_id": "vol-0b1abd30193a810f2"
          },
          "sensitive_attributes": [],
          "private": "bnVsbA==",
          "dependencies": [
            "data.aws_availability_zones.zones",
            "module.aws_ebs_volume_masters.aws_ebs_volume.main_test_ebs_volume_masters",
            "module.aws_instance_openshift_masters.aws_instance.ec2_openshift_masters",
            "module.aws_key_pair.aws_key_pair.main_test_key_pair",
            "module.aws_network_interface_masters.aws_network_interface.main_test_network_interface_for_masters",
            "module.aws_security_group.aws_security_group.main_test_security_group",
            "module.aws_subnet.aws_subnet.main_test_subnet",
            "module.aws_vpc.aws_vpc.main_test_vpc"
          ]
        }
      ]
    },
    {
      "module": "module.aws_volume_attachment_slaves",
      "mode": "managed",
      "type": "aws_volume_attachment",
      "name": "main_ebs_att_slaves",
      "provider": "provider[\"registry.terraform.io/hashicorp/aws\"]",
      "instances": [
        {
          "index_key": 0,
          "schema_version": 0,
          "attributes": {
            "device_name": "/dev/sdh",
            "force_detach": null,
            "id": "vai-282999567",
            "instance_id": "i-0fdc16515e24435f5",
            "skip_destroy": null,
            "volume_id": "vol-0bc3d6faec4c4ffb2"
          },
          "sensitive_attributes": [],
          "private": "bnVsbA==",
          "dependencies": [
            "data.aws_availability_zones.zones",
            "module.aws_ebs_volume_slaves.aws_ebs_volume.main_test_ebs_volume_slaves",
            "module.aws_instance_openshift_slaves.aws_instance.ec2_openshift_slaves",
            "module.aws_key_pair.aws_key_pair.main_test_key_pair",
            "module.aws_network_interface_slaves.aws_network_interface.main_test_network_interface_for_slaves",
            "module.aws_security_group.aws_security_group.main_test_security_group",
            "module.aws_subnet.aws_subnet.main_test_subnet",
            "module.aws_vpc.aws_vpc.main_test_vpc"
          ]
        }
      ]
    },
    {
      "module": "module.aws_vpc",
      "mode": "managed",
      "type": "aws_vpc",
      "name": "main_test_vpc",
      "provider": "provider[\"registry.terraform.io/hashicorp/aws\"]",
      "instances": [
        {
          "schema_version": 1,
          "attributes": {
            "arn": "arn:aws:ec2:us-east-1:832468941035:vpc/vpc-05b843ec03ea498ff",
            "assign_generated_ipv6_cidr_block": false,
            "cidr_block": "172.16.0.0/22",
            "default_network_acl_id": "acl-06f8b0e7f3c7ccb9b",
            "default_route_table_id": "rtb-033f86a2a186aeab0",
            "default_security_group_id": "sg-058c36eb45b2e1a99",
            "dhcp_options_id": "dopt-046578945c28d44ba",
            "enable_classiclink": false,
            "enable_classiclink_dns_support": false,
            "enable_dns_hostnames": true,
            "enable_dns_support": true,
            "id": "vpc-05b843ec03ea498ff",
            "instance_tenancy": "default",
            "ipv6_association_id": "",
            "ipv6_cidr_block": "",
            "main_route_table_id": "rtb-033f86a2a186aeab0",
            "owner_id": "832468941035",
            "tags": {
              "Name": "main_test"
            },
            "tags_all": {
              "Name": "main_test"
            }
          },
          "sensitive_attributes": [],
          "private": "eyJzY2hlbWFfdmVyc2lvbiI6IjEifQ=="
        }
      ]
    },
    {
      "module": "module.random_id",
      "mode": "managed",
      "type": "random_id",
      "name": "main_random_id",
      "provider": "provider[\"registry.terraform.io/hashicorp/random\"]",
      "instances": [
        {
          "index_key": 0,
          "schema_version": 0,
          "attributes": {
            "b64_std": "+yg=",
            "b64_url": "-yg",
            "byte_length": 2,
            "dec": "64296",
            "hex": "fb28",
            "id": "-yg",
            "keepers": null,
            "prefix": null
          },
          "sensitive_attributes": [],
          "private": "bnVsbA=="
        }
      ]
    }
  ]
}
